// !$*UTF8*$!
{
	archiveVersion = 1;
	classes = {
	};
	objectVersion = 50;
	objects = {

/* Begin PBXBuildFile section */
		47DEBC24C3BEBCD07DE0C718 /* Pods_Alura_Viagens_SwiftUITests.framework in Frameworks */ = {isa = PBXBuildFile; fileRef = 5DFE5DFEDB40F462ECEED567 /* Pods_Alura_Viagens_SwiftUITests.framework */; };
		702A19BEA7DE3AF5098EDE3D /* Pods_Alura_Viagens_SwiftUI.framework in Frameworks */ = {isa = PBXBuildFile; fileRef = 5B9831B59B81CAD87C1BCE92 /* Pods_Alura_Viagens_SwiftUI.framework */; };
		7D10176C1861BE880FC57459 /* Pods_Alura_Viagens_SwiftUI_Alura_Viagens_SwiftUIUITests.framework in Frameworks */ = {isa = PBXBuildFile; fileRef = 8DCBF4AD920BD5BCB84D5CB7 /* Pods_Alura_Viagens_SwiftUI_Alura_Viagens_SwiftUIUITests.framework */; };
		A59501DB2432F45A0004E892 /* AppDelegate.swift in Sources */ = {isa = PBXBuildFile; fileRef = A59501DA2432F45A0004E892 /* AppDelegate.swift */; };
		A59501DD2432F45A0004E892 /* SceneDelegate.swift in Sources */ = {isa = PBXBuildFile; fileRef = A59501DC2432F45A0004E892 /* SceneDelegate.swift */; };
		A59501DF2432F45A0004E892 /* ContentView.swift in Sources */ = {isa = PBXBuildFile; fileRef = A59501DE2432F45A0004E892 /* ContentView.swift */; };
		A59501E12432F45A0004E892 /* Assets.xcassets in Resources */ = {isa = PBXBuildFile; fileRef = A59501E02432F45A0004E892 /* Assets.xcassets */; };
		A59501E42432F45A0004E892 /* Preview Assets.xcassets in Resources */ = {isa = PBXBuildFile; fileRef = A59501E32432F45A0004E892 /* Preview Assets.xcassets */; };
		A59501E72432F45A0004E892 /* LaunchScreen.storyboard in Resources */ = {isa = PBXBuildFile; fileRef = A59501E52432F45A0004E892 /* LaunchScreen.storyboard */; };
		A59501F22432F45A0004E892 /* Alura_Viagens_SwiftUITests.swift in Sources */ = {isa = PBXBuildFile; fileRef = A59501F12432F45A0004E892 /* Alura_Viagens_SwiftUITests.swift */; };
		A59501FD2432F45A0004E892 /* Alura_Viagens_SwiftUIUITests.swift in Sources */ = {isa = PBXBuildFile; fileRef = A59501FC2432F45A0004E892 /* Alura_Viagens_SwiftUIUITests.swift */; };
		A595020B2433E3FF0004E892 /* viagens.json in Resources */ = {isa = PBXBuildFile; fileRef = A595020A2433E3FF0004E892 /* viagens.json */; };
		A59502112433E4290004E892 /* Dados.swift in Sources */ = {isa = PBXBuildFile; fileRef = A595020F2433E4290004E892 /* Dados.swift */; };
		A59502122433E4290004E892 /* Viagem.swift in Sources */ = {isa = PBXBuildFile; fileRef = A59502102433E4290004E892 /* Viagem.swift */; };
		A59502152433EBE30004E892 /* HeaderView.swift in Sources */ = {isa = PBXBuildFile; fileRef = A59502142433EBE30004E892 /* HeaderView.swift */; };
		A59502172433ED010004E892 /* CellViagemView.swift in Sources */ = {isa = PBXBuildFile; fileRef = A59502162433ED010004E892 /* CellViagemView.swift */; };
/* End PBXBuildFile section */

/* Begin PBXContainerItemProxy section */
		A59501EE2432F45A0004E892 /* PBXContainerItemProxy */ = {
			isa = PBXContainerItemProxy;
			containerPortal = A59501CF2432F4590004E892 /* Project object */;
			proxyType = 1;
			remoteGlobalIDString = A59501D62432F45A0004E892;
			remoteInfo = Alura_Viagens_SwiftUI;
		};
		A59501F92432F45A0004E892 /* PBXContainerItemProxy */ = {
			isa = PBXContainerItemProxy;
			containerPortal = A59501CF2432F4590004E892 /* Project object */;
			proxyType = 1;
			remoteGlobalIDString = A59501D62432F45A0004E892;
			remoteInfo = Alura_Viagens_SwiftUI;
		};
/* End PBXContainerItemProxy section */

/* Begin PBXFileReference section */
		1C2D9DCF6EF5E0EF826854FD /* Pods-Alura_Viagens_SwiftUI.debug.xcconfig */ = {isa = PBXFileReference; includeInIndex = 1; lastKnownFileType = text.xcconfig; name = "Pods-Alura_Viagens_SwiftUI.debug.xcconfig"; path = "Target Support Files/Pods-Alura_Viagens_SwiftUI/Pods-Alura_Viagens_SwiftUI.debug.xcconfig"; sourceTree = "<group>"; };
		5B9831B59B81CAD87C1BCE92 /* Pods_Alura_Viagens_SwiftUI.framework */ = {isa = PBXFileReference; explicitFileType = wrapper.framework; includeInIndex = 0; path = Pods_Alura_Viagens_SwiftUI.framework; sourceTree = BUILT_PRODUCTS_DIR; };
		5DFE5DFEDB40F462ECEED567 /* Pods_Alura_Viagens_SwiftUITests.framework */ = {isa = PBXFileReference; explicitFileType = wrapper.framework; includeInIndex = 0; path = Pods_Alura_Viagens_SwiftUITests.framework; sourceTree = BUILT_PRODUCTS_DIR; };
		5FEB2A91C946F7FEFEB197B2 /* Pods-Alura_Viagens_SwiftUITests.release.xcconfig */ = {isa = PBXFileReference; includeInIndex = 1; lastKnownFileType = text.xcconfig; name = "Pods-Alura_Viagens_SwiftUITests.release.xcconfig"; path = "Target Support Files/Pods-Alura_Viagens_SwiftUITests/Pods-Alura_Viagens_SwiftUITests.release.xcconfig"; sourceTree = "<group>"; };
		64D8175A42BEB6A850326545 /* Pods-Alura_Viagens_SwiftUI.release.xcconfig */ = {isa = PBXFileReference; includeInIndex = 1; lastKnownFileType = text.xcconfig; name = "Pods-Alura_Viagens_SwiftUI.release.xcconfig"; path = "Target Support Files/Pods-Alura_Viagens_SwiftUI/Pods-Alura_Viagens_SwiftUI.release.xcconfig"; sourceTree = "<group>"; };
		83A0435786E39D1A16BB363D /* Pods-Alura_Viagens_SwiftUI-Alura_Viagens_SwiftUIUITests.debug.xcconfig */ = {isa = PBXFileReference; includeInIndex = 1; lastKnownFileType = text.xcconfig; name = "Pods-Alura_Viagens_SwiftUI-Alura_Viagens_SwiftUIUITests.debug.xcconfig"; path = "Target Support Files/Pods-Alura_Viagens_SwiftUI-Alura_Viagens_SwiftUIUITests/Pods-Alura_Viagens_SwiftUI-Alura_Viagens_SwiftUIUITests.debug.xcconfig"; sourceTree = "<group>"; };
		8DCBF4AD920BD5BCB84D5CB7 /* Pods_Alura_Viagens_SwiftUI_Alura_Viagens_SwiftUIUITests.framework */ = {isa = PBXFileReference; explicitFileType = wrapper.framework; includeInIndex = 0; path = Pods_Alura_Viagens_SwiftUI_Alura_Viagens_SwiftUIUITests.framework; sourceTree = BUILT_PRODUCTS_DIR; };
		A59501D72432F45A0004E892 /* Alura_Viagens_SwiftUI.app */ = {isa = PBXFileReference; explicitFileType = wrapper.application; includeInIndex = 0; path = Alura_Viagens_SwiftUI.app; sourceTree = BUILT_PRODUCTS_DIR; };
		A59501DA2432F45A0004E892 /* AppDelegate.swift */ = {isa = PBXFileReference; lastKnownFileType = sourcecode.swift; path = AppDelegate.swift; sourceTree = "<group>"; };
		A59501DC2432F45A0004E892 /* SceneDelegate.swift */ = {isa = PBXFileReference; lastKnownFileType = sourcecode.swift; path = SceneDelegate.swift; sourceTree = "<group>"; };
		A59501DE2432F45A0004E892 /* ContentView.swift */ = {isa = PBXFileReference; lastKnownFileType = sourcecode.swift; path = ContentView.swift; sourceTree = "<group>"; };
		A59501E02432F45A0004E892 /* Assets.xcassets */ = {isa = PBXFileReference; lastKnownFileType = folder.assetcatalog; path = Assets.xcassets; sourceTree = "<group>"; };
		A59501E32432F45A0004E892 /* Preview Assets.xcassets */ = {isa = PBXFileReference; lastKnownFileType = folder.assetcatalog; path = "Preview Assets.xcassets"; sourceTree = "<group>"; };
		A59501E62432F45A0004E892 /* Base */ = {isa = PBXFileReference; lastKnownFileType = file.storyboard; name = Base; path = Base.lproj/LaunchScreen.storyboard; sourceTree = "<group>"; };
		A59501E82432F45A0004E892 /* Info.plist */ = {isa = PBXFileReference; lastKnownFileType = text.plist.xml; path = Info.plist; sourceTree = "<group>"; };
		A59501ED2432F45A0004E892 /* Alura_Viagens_SwiftUITests.xctest */ = {isa = PBXFileReference; explicitFileType = wrapper.cfbundle; includeInIndex = 0; path = Alura_Viagens_SwiftUITests.xctest; sourceTree = BUILT_PRODUCTS_DIR; };
		A59501F12432F45A0004E892 /* Alura_Viagens_SwiftUITests.swift */ = {isa = PBXFileReference; lastKnownFileType = sourcecode.swift; path = Alura_Viagens_SwiftUITests.swift; sourceTree = "<group>"; };
		A59501F32432F45A0004E892 /* Info.plist */ = {isa = PBXFileReference; lastKnownFileType = text.plist.xml; path = Info.plist; sourceTree = "<group>"; };
		A59501F82432F45A0004E892 /* Alura_Viagens_SwiftUIUITests.xctest */ = {isa = PBXFileReference; explicitFileType = wrapper.cfbundle; includeInIndex = 0; path = Alura_Viagens_SwiftUIUITests.xctest; sourceTree = BUILT_PRODUCTS_DIR; };
		A59501FC2432F45A0004E892 /* Alura_Viagens_SwiftUIUITests.swift */ = {isa = PBXFileReference; lastKnownFileType = sourcecode.swift; path = Alura_Viagens_SwiftUIUITests.swift; sourceTree = "<group>"; };
		A59501FE2432F45A0004E892 /* Info.plist */ = {isa = PBXFileReference; lastKnownFileType = text.plist.xml; path = Info.plist; sourceTree = "<group>"; };
		A595020A2433E3FF0004E892 /* viagens.json */ = {isa = PBXFileReference; fileEncoding = 4; lastKnownFileType = text.json; path = viagens.json; sourceTree = "<group>"; };
		A595020F2433E4290004E892 /* Dados.swift */ = {isa = PBXFileReference; fileEncoding = 4; lastKnownFileType = sourcecode.swift; path = Dados.swift; sourceTree = "<group>"; };
		A59502102433E4290004E892 /* Viagem.swift */ = {isa = PBXFileReference; fileEncoding = 4; lastKnownFileType = sourcecode.swift; path = Viagem.swift; sourceTree = "<group>"; };
		A59502142433EBE30004E892 /* HeaderView.swift */ = {isa = PBXFileReference; lastKnownFileType = sourcecode.swift; path = HeaderView.swift; sourceTree = "<group>"; };
		A59502162433ED010004E892 /* CellViagemView.swift */ = {isa = PBXFileReference; lastKnownFileType = sourcecode.swift; path = CellViagemView.swift; sourceTree = "<group>"; };
		D43171233CEECE8630B7F04F /* Pods-Alura_Viagens_SwiftUI-Alura_Viagens_SwiftUIUITests.release.xcconfig */ = {isa = PBXFileReference; includeInIndex = 1; lastKnownFileType = text.xcconfig; name = "Pods-Alura_Viagens_SwiftUI-Alura_Viagens_SwiftUIUITests.release.xcconfig"; path = "Target Support Files/Pods-Alura_Viagens_SwiftUI-Alura_Viagens_SwiftUIUITests/Pods-Alura_Viagens_SwiftUI-Alura_Viagens_SwiftUIUITests.release.xcconfig"; sourceTree = "<group>"; };
		FF3F33DE4E31D36678CBAA2A /* Pods-Alura_Viagens_SwiftUITests.debug.xcconfig */ = {isa = PBXFileReference; includeInIndex = 1; lastKnownFileType = text.xcconfig; name = "Pods-Alura_Viagens_SwiftUITests.debug.xcconfig"; path = "Target Support Files/Pods-Alura_Viagens_SwiftUITests/Pods-Alura_Viagens_SwiftUITests.debug.xcconfig"; sourceTree = "<group>"; };
/* End PBXFileReference section */

/* Begin PBXFrameworksBuildPhase section */
		A59501D42432F45A0004E892 /* Frameworks */ = {
			isa = PBXFrameworksBuildPhase;
			buildActionMask = 2147483647;
			files = (
				702A19BEA7DE3AF5098EDE3D /* Pods_Alura_Viagens_SwiftUI.framework in Frameworks */,
			);
			runOnlyForDeploymentPostprocessing = 0;
		};
		A59501EA2432F45A0004E892 /* Frameworks */ = {
			isa = PBXFrameworksBuildPhase;
			buildActionMask = 2147483647;
			files = (
				47DEBC24C3BEBCD07DE0C718 /* Pods_Alura_Viagens_SwiftUITests.framework in Frameworks */,
			);
			runOnlyForDeploymentPostprocessing = 0;
		};
		A59501F52432F45A0004E892 /* Frameworks */ = {
			isa = PBXFrameworksBuildPhase;
			buildActionMask = 2147483647;
			files = (
				7D10176C1861BE880FC57459 /* Pods_Alura_Viagens_SwiftUI_Alura_Viagens_SwiftUIUITests.framework in Frameworks */,
			);
			runOnlyForDeploymentPostprocessing = 0;
		};
/* End PBXFrameworksBuildPhase section */

/* Begin PBXGroup section */
		17F21C9A7DAF0DA592327AE6 /* Frameworks */ = {
			isa = PBXGroup;
			children = (
				5B9831B59B81CAD87C1BCE92 /* Pods_Alura_Viagens_SwiftUI.framework */,
				8DCBF4AD920BD5BCB84D5CB7 /* Pods_Alura_Viagens_SwiftUI_Alura_Viagens_SwiftUIUITests.framework */,
				5DFE5DFEDB40F462ECEED567 /* Pods_Alura_Viagens_SwiftUITests.framework */,
			);
			name = Frameworks;
			sourceTree = "<group>";
		};
		A59501CE2432F4590004E892 = {
			isa = PBXGroup;
			children = (
				A59501D92432F45A0004E892 /* Alura_Viagens_SwiftUI */,
				A59501F02432F45A0004E892 /* Alura_Viagens_SwiftUITests */,
				A59501FB2432F45A0004E892 /* Alura_Viagens_SwiftUIUITests */,
				A59501D82432F45A0004E892 /* Products */,
				DE3359EAAFF369A99E01626B /* Pods */,
				17F21C9A7DAF0DA592327AE6 /* Frameworks */,
			);
			sourceTree = "<group>";
		};
		A59501D82432F45A0004E892 /* Products */ = {
			isa = PBXGroup;
			children = (
				A59501D72432F45A0004E892 /* Alura_Viagens_SwiftUI.app */,
				A59501ED2432F45A0004E892 /* Alura_Viagens_SwiftUITests.xctest */,
				A59501F82432F45A0004E892 /* Alura_Viagens_SwiftUIUITests.xctest */,
			);
			name = Products;
			sourceTree = "<group>";
		};
		A59501D92432F45A0004E892 /* Alura_Viagens_SwiftUI */ = {
			isa = PBXGroup;
			children = (
				A59501DA2432F45A0004E892 /* AppDelegate.swift */,
				A59501DC2432F45A0004E892 /* SceneDelegate.swift */,
				A595020E2433E4290004E892 /* Models */,
				A59502132433EBB50004E892 /* Views */,
				A59501E02432F45A0004E892 /* Assets.xcassets */,
				A595020A2433E3FF0004E892 /* viagens.json */,
				A59501E52432F45A0004E892 /* LaunchScreen.storyboard */,
				A59501E82432F45A0004E892 /* Info.plist */,
				A59501E22432F45A0004E892 /* Preview Content */,
			);
			path = Alura_Viagens_SwiftUI;
			sourceTree = "<group>";
		};
		A59501E22432F45A0004E892 /* Preview Content */ = {
			isa = PBXGroup;
			children = (
				A59501E32432F45A0004E892 /* Preview Assets.xcassets */,
			);
			path = "Preview Content";
			sourceTree = "<group>";
		};
		A59501F02432F45A0004E892 /* Alura_Viagens_SwiftUITests */ = {
			isa = PBXGroup;
			children = (
				A59501F12432F45A0004E892 /* Alura_Viagens_SwiftUITests.swift */,
				A59501F32432F45A0004E892 /* Info.plist */,
			);
			path = Alura_Viagens_SwiftUITests;
			sourceTree = "<group>";
		};
		A59501FB2432F45A0004E892 /* Alura_Viagens_SwiftUIUITests */ = {
			isa = PBXGroup;
			children = (
				A59501FC2432F45A0004E892 /* Alura_Viagens_SwiftUIUITests.swift */,
				A59501FE2432F45A0004E892 /* Info.plist */,
			);
			path = Alura_Viagens_SwiftUIUITests;
			sourceTree = "<group>";
		};
		A595020E2433E4290004E892 /* Models */ = {
			isa = PBXGroup;
			children = (
				A595020F2433E4290004E892 /* Dados.swift */,
				A59502102433E4290004E892 /* Viagem.swift */,
			);
			path = Models;
			sourceTree = "<group>";
		};
		A59502132433EBB50004E892 /* Views */ = {
			isa = PBXGroup;
			children = (
				A59501DE2432F45A0004E892 /* ContentView.swift */,
				A59502142433EBE30004E892 /* HeaderView.swift */,
				A59502162433ED010004E892 /* CellViagemView.swift */,
			);
			path = Views;
			sourceTree = "<group>";
		};
		DE3359EAAFF369A99E01626B /* Pods */ = {
			isa = PBXGroup;
			children = (
				1C2D9DCF6EF5E0EF826854FD /* Pods-Alura_Viagens_SwiftUI.debug.xcconfig */,
				64D8175A42BEB6A850326545 /* Pods-Alura_Viagens_SwiftUI.release.xcconfig */,
				83A0435786E39D1A16BB363D /* Pods-Alura_Viagens_SwiftUI-Alura_Viagens_SwiftUIUITests.debug.xcconfig */,
				D43171233CEECE8630B7F04F /* Pods-Alura_Viagens_SwiftUI-Alura_Viagens_SwiftUIUITests.release.xcconfig */,
				FF3F33DE4E31D36678CBAA2A /* Pods-Alura_Viagens_SwiftUITests.debug.xcconfig */,
				5FEB2A91C946F7FEFEB197B2 /* Pods-Alura_Viagens_SwiftUITests.release.xcconfig */,
			);
			name = Pods;
			path = Pods;
			sourceTree = "<group>";
		};
/* End PBXGroup section */

/* Begin PBXNativeTarget section */
		A59501D62432F45A0004E892 /* Alura_Viagens_SwiftUI */ = {
			isa = PBXNativeTarget;
			buildConfigurationList = A59502012432F45A0004E892 /* Build configuration list for PBXNativeTarget "Alura_Viagens_SwiftUI" */;
			buildPhases = (
				97F9616BABD0EF72FAB909C7 /* [CP] Check Pods Manifest.lock */,
				A59501D32432F45A0004E892 /* Sources */,
				A59501D42432F45A0004E892 /* Frameworks */,
				A59501D52432F45A0004E892 /* Resources */,
			);
			buildRules = (
			);
			dependencies = (
			);
			name = Alura_Viagens_SwiftUI;
			productName = Alura_Viagens_SwiftUI;
			productReference = A59501D72432F45A0004E892 /* Alura_Viagens_SwiftUI.app */;
			productType = "com.apple.product-type.application";
		};
		A59501EC2432F45A0004E892 /* Alura_Viagens_SwiftUITests */ = {
			isa = PBXNativeTarget;
			buildConfigurationList = A59502042432F45A0004E892 /* Build configuration list for PBXNativeTarget "Alura_Viagens_SwiftUITests" */;
			buildPhases = (
				D412EB6AE5A28310C67DF0DA /* [CP] Check Pods Manifest.lock */,
				A59501E92432F45A0004E892 /* Sources */,
				A59501EA2432F45A0004E892 /* Frameworks */,
				A59501EB2432F45A0004E892 /* Resources */,
			);
			buildRules = (
			);
			dependencies = (
				A59501EF2432F45A0004E892 /* PBXTargetDependency */,
			);
			name = Alura_Viagens_SwiftUITests;
			productName = Alura_Viagens_SwiftUITests;
			productReference = A59501ED2432F45A0004E892 /* Alura_Viagens_SwiftUITests.xctest */;
			productType = "com.apple.product-type.bundle.unit-test";
		};
		A59501F72432F45A0004E892 /* Alura_Viagens_SwiftUIUITests */ = {
			isa = PBXNativeTarget;
			buildConfigurationList = A59502072432F45A0004E892 /* Build configuration list for PBXNativeTarget "Alura_Viagens_SwiftUIUITests" */;
			buildPhases = (
				B46CCED7FB2409AF26EBD5D8 /* [CP] Check Pods Manifest.lock */,
				A59501F42432F45A0004E892 /* Sources */,
				A59501F52432F45A0004E892 /* Frameworks */,
				A59501F62432F45A0004E892 /* Resources */,
			);
			buildRules = (
			);
			dependencies = (
				A59501FA2432F45A0004E892 /* PBXTargetDependency */,
			);
			name = Alura_Viagens_SwiftUIUITests;
			productName = Alura_Viagens_SwiftUIUITests;
			productReference = A59501F82432F45A0004E892 /* Alura_Viagens_SwiftUIUITests.xctest */;
			productType = "com.apple.product-type.bundle.ui-testing";
		};
/* End PBXNativeTarget section */

/* Begin PBXProject section */
		A59501CF2432F4590004E892 /* Project object */ = {
			isa = PBXProject;
			attributes = {
				LastSwiftUpdateCheck = 1130;
				LastUpgradeCheck = 1130;
				ORGANIZATIONNAME = "Rodrigo Martins";
				TargetAttributes = {
					A59501D62432F45A0004E892 = {
						CreatedOnToolsVersion = 11.3.1;
					};
					A59501EC2432F45A0004E892 = {
						CreatedOnToolsVersion = 11.3.1;
						TestTargetID = A59501D62432F45A0004E892;
					};
					A59501F72432F45A0004E892 = {
						CreatedOnToolsVersion = 11.3.1;
						TestTargetID = A59501D62432F45A0004E892;
					};
				};
			};
			buildConfigurationList = A59501D22432F4590004E892 /* Build configuration list for PBXProject "Alura_Viagens_SwiftUI" */;
			compatibilityVersion = "Xcode 9.3";
			developmentRegion = en;
			hasScannedForEncodings = 0;
			knownRegions = (
				en,
				Base,
			);
			mainGroup = A59501CE2432F4590004E892;
			productRefGroup = A59501D82432F45A0004E892 /* Products */;
			projectDirPath = "";
			projectRoot = "";
			targets = (
				A59501D62432F45A0004E892 /* Alura_Viagens_SwiftUI */,
				A59501EC2432F45A0004E892 /* Alura_Viagens_SwiftUITests */,
				A59501F72432F45A0004E892 /* Alura_Viagens_SwiftUIUITests */,
			);
		};
/* End PBXProject section */

/* Begin PBXResourcesBuildPhase section */
		A59501D52432F45A0004E892 /* Resources */ = {
			isa = PBXResourcesBuildPhase;
			buildActionMask = 2147483647;
			files = (
				A59501E72432F45A0004E892 /* LaunchScreen.storyboard in Resources */,
				A595020B2433E3FF0004E892 /* viagens.json in Resources */,
				A59501E42432F45A0004E892 /* Preview Assets.xcassets in Resources */,
				A59501E12432F45A0004E892 /* Assets.xcassets in Resources */,
			);
			runOnlyForDeploymentPostprocessing = 0;
		};
		A59501EB2432F45A0004E892 /* Resources */ = {
			isa = PBXResourcesBuildPhase;
			buildActionMask = 2147483647;
			files = (
			);
			runOnlyForDeploymentPostprocessing = 0;
		};
		A59501F62432F45A0004E892 /* Resources */ = {
			isa = PBXResourcesBuildPhase;
			buildActionMask = 2147483647;
			files = (
			);
			runOnlyForDeploymentPostprocessing = 0;
		};
/* End PBXResourcesBuildPhase section */

/* Begin PBXShellScriptBuildPhase section */
		97F9616BABD0EF72FAB909C7 /* [CP] Check Pods Manifest.lock */ = {
			isa = PBXShellScriptBuildPhase;
			buildActionMask = 2147483647;
			files = (
			);
			inputFileListPaths = (
			);
			inputPaths = (
				"${PODS_PODFILE_DIR_PATH}/Podfile.lock",
				"${PODS_ROOT}/Manifest.lock",
			);
			name = "[CP] Check Pods Manifest.lock";
			outputFileListPaths = (
			);
			outputPaths = (
				"$(DERIVED_FILE_DIR)/Pods-Alura_Viagens_SwiftUI-checkManifestLockResult.txt",
			);
			runOnlyForDeploymentPostprocessing = 0;
			shellPath = /bin/sh;
			shellScript = "diff \"${PODS_PODFILE_DIR_PATH}/Podfile.lock\" \"${PODS_ROOT}/Manifest.lock\" > /dev/null\nif [ $? != 0 ] ; then\n    # print error to STDERR\n    echo \"error: The sandbox is not in sync with the Podfile.lock. Run 'pod install' or update your CocoaPods installation.\" >&2\n    exit 1\nfi\n# This output is used by Xcode 'outputs' to avoid re-running this script phase.\necho \"SUCCESS\" > \"${SCRIPT_OUTPUT_FILE_0}\"\n";
			showEnvVarsInLog = 0;
		};
		B46CCED7FB2409AF26EBD5D8 /* [CP] Check Pods Manifest.lock */ = {
			isa = PBXShellScriptBuildPhase;
			buildActionMask = 2147483647;
			files = (
			);
			inputFileListPaths = (
			);
			inputPaths = (
				"${PODS_PODFILE_DIR_PATH}/Podfile.lock",
				"${PODS_ROOT}/Manifest.lock",
			);
			name = "[CP] Check Pods Manifest.lock";
			outputFileListPaths = (
			);
			outputPaths = (
				"$(DERIVED_FILE_DIR)/Pods-Alura_Viagens_SwiftUI-Alura_Viagens_SwiftUIUITests-checkManifestLockResult.txt",
			);
			runOnlyForDeploymentPostprocessing = 0;
			shellPath = /bin/sh;
			shellScript = "diff \"${PODS_PODFILE_DIR_PATH}/Podfile.lock\" \"${PODS_ROOT}/Manifest.lock\" > /dev/null\nif [ $? != 0 ] ; then\n    # print error to STDERR\n    echo \"error: The sandbox is not in sync with the Podfile.lock. Run 'pod install' or update your CocoaPods installation.\" >&2\n    exit 1\nfi\n# This output is used by Xcode 'outputs' to avoid re-running this script phase.\necho \"SUCCESS\" > \"${SCRIPT_OUTPUT_FILE_0}\"\n";
			showEnvVarsInLog = 0;
		};
		D412EB6AE5A28310C67DF0DA /* [CP] Check Pods Manifest.lock */ = {
			isa = PBXShellScriptBuildPhase;
			buildActionMask = 2147483647;
			files = (
			);
			inputFileListPaths = (
			);
			inputPaths = (
				"${PODS_PODFILE_DIR_PATH}/Podfile.lock",
				"${PODS_ROOT}/Manifest.lock",
			);
			name = "[CP] Check Pods Manifest.lock";
			outputFileListPaths = (
			);
			outputPaths = (
				"$(DERIVED_FILE_DIR)/Pods-Alura_Viagens_SwiftUITests-checkManifestLockResult.txt",
			);
			runOnlyForDeploymentPostprocessing = 0;
			shellPath = /bin/sh;
			shellScript = "diff \"${PODS_PODFILE_DIR_PATH}/Podfile.lock\" \"${PODS_ROOT}/Manifest.lock\" > /dev/null\nif [ $? != 0 ] ; then\n    # print error to STDERR\n    echo \"error: The sandbox is not in sync with the Podfile.lock. Run 'pod install' or update your CocoaPods installation.\" >&2\n    exit 1\nfi\n# This output is used by Xcode 'outputs' to avoid re-running this script phase.\necho \"SUCCESS\" > \"${SCRIPT_OUTPUT_FILE_0}\"\n";
			showEnvVarsInLog = 0;
		};
/* End PBXShellScriptBuildPhase section */

/* Begin PBXSourcesBuildPhase section */
		A59501D32432F45A0004E892 /* Sources */ = {
			isa = PBXSourcesBuildPhase;
			buildActionMask = 2147483647;
			files = (
				A59502172433ED010004E892 /* CellViagemView.swift in Sources */,
				A59501DB2432F45A0004E892 /* AppDelegate.swift in Sources */,
				A59502152433EBE30004E892 /* HeaderView.swift in Sources */,
				A59502112433E4290004E892 /* Dados.swift in Sources */,
				A59501DD2432F45A0004E892 /* SceneDelegate.swift in Sources */,
				A59501DF2432F45A0004E892 /* ContentView.swift in Sources */,
				A59502122433E4290004E892 /* Viagem.swift in Sources */,
			);
			runOnlyForDeploymentPostprocessing = 0;
		};
		A59501E92432F45A0004E892 /* Sources */ = {
			isa = PBXSourcesBuildPhase;
			buildActionMask = 2147483647;
			files = (
				A59501F22432F45A0004E892 /* Alura_Viagens_SwiftUITests.swift in Sources */,
			);
			runOnlyForDeploymentPostprocessing = 0;
		};
		A59501F42432F45A0004E892 /* Sources */ = {
			isa = PBXSourcesBuildPhase;
			buildActionMask = 2147483647;
			files = (
				A59501FD2432F45A0004E892 /* Alura_Viagens_SwiftUIUITests.swift in Sources */,
			);
			runOnlyForDeploymentPostprocessing = 0;
		};
/* End PBXSourcesBuildPhase section */

/* Begin PBXTargetDependency section */
		A59501EF2432F45A0004E892 /* PBXTargetDependency */ = {
			isa = PBXTargetDependency;
			target = A59501D62432F45A0004E892 /* Alura_Viagens_SwiftUI */;
			targetProxy = A59501EE2432F45A0004E892 /* PBXContainerItemProxy */;
		};
		A59501FA2432F45A0004E892 /* PBXTargetDependency */ = {
			isa = PBXTargetDependency;
			target = A59501D62432F45A0004E892 /* Alura_Viagens_SwiftUI */;
			targetProxy = A59501F92432F45A0004E892 /* PBXContainerItemProxy */;
		};
/* End PBXTargetDependency section */

/* Begin PBXVariantGroup section */
		A59501E52432F45A0004E892 /* LaunchScreen.storyboard */ = {
			isa = PBXVariantGroup;
			children = (
				A59501E62432F45A0004E892 /* Base */,
			);
			name = LaunchScreen.storyboard;
			sourceTree = "<group>";
		};
/* End PBXVariantGroup section */

/* Begin XCBuildConfiguration section */
		A59501FF2432F45A0004E892 /* Debug */ = {
			isa = XCBuildConfiguration;
			buildSettings = {
				ALWAYS_SEARCH_USER_PATHS = NO;
				CLANG_ANALYZER_NONNULL = YES;
				CLANG_ANALYZER_NUMBER_OBJECT_CONVERSION = YES_AGGRESSIVE;
				CLANG_CXX_LANGUAGE_STANDARD = "gnu++14";
				CLANG_CXX_LIBRARY = "libc++";
				CLANG_ENABLE_MODULES = YES;
				CLANG_ENABLE_OBJC_ARC = YES;
				CLANG_ENABLE_OBJC_WEAK = YES;
				CLANG_WARN_BLOCK_CAPTURE_AUTORELEASING = YES;
				CLANG_WARN_BOOL_CONVERSION = YES;
				CLANG_WARN_COMMA = YES;
				CLANG_WARN_CONSTANT_CONVERSION = YES;
				CLANG_WARN_DEPRECATED_OBJC_IMPLEMENTATIONS = YES;
				CLANG_WARN_DIRECT_OBJC_ISA_USAGE = YES_ERROR;
				CLANG_WARN_DOCUMENTATION_COMMENTS = YES;
				CLANG_WARN_EMPTY_BODY = YES;
				CLANG_WARN_ENUM_CONVERSION = YES;
				CLANG_WARN_INFINITE_RECURSION = YES;
				CLANG_WARN_INT_CONVERSION = YES;
				CLANG_WARN_NON_LITERAL_NULL_CONVERSION = YES;
				CLANG_WARN_OBJC_IMPLICIT_RETAIN_SELF = YES;
				CLANG_WARN_OBJC_LITERAL_CONVERSION = YES;
				CLANG_WARN_OBJC_ROOT_CLASS = YES_ERROR;
				CLANG_WARN_RANGE_LOOP_ANALYSIS = YES;
				CLANG_WARN_STRICT_PROTOTYPES = YES;
				CLANG_WARN_SUSPICIOUS_MOVE = YES;
				CLANG_WARN_UNGUARDED_AVAILABILITY = YES_AGGRESSIVE;
				CLANG_WARN_UNREACHABLE_CODE = YES;
				CLANG_WARN__DUPLICATE_METHOD_MATCH = YES;
				COPY_PHASE_STRIP = NO;
				DEBUG_INFORMATION_FORMAT = dwarf;
				ENABLE_STRICT_OBJC_MSGSEND = YES;
				ENABLE_TESTABILITY = YES;
				GCC_C_LANGUAGE_STANDARD = gnu11;
				GCC_DYNAMIC_NO_PIC = NO;
				GCC_NO_COMMON_BLOCKS = YES;
				GCC_OPTIMIZATION_LEVEL = 0;
				GCC_PREPROCESSOR_DEFINITIONS = (
					"DEBUG=1",
					"$(inherited)",
				);
				GCC_WARN_64_TO_32_BIT_CONVERSION = YES;
				GCC_WARN_ABOUT_RETURN_TYPE = YES_ERROR;
				GCC_WARN_UNDECLARED_SELECTOR = YES;
				GCC_WARN_UNINITIALIZED_AUTOS = YES_AGGRESSIVE;
				GCC_WARN_UNUSED_FUNCTION = YES;
				GCC_WARN_UNUSED_VARIABLE = YES;
				IPHONEOS_DEPLOYMENT_TARGET = 13.2;
				MTL_ENABLE_DEBUG_INFO = INCLUDE_SOURCE;
				MTL_FAST_MATH = YES;
				ONLY_ACTIVE_ARCH = YES;
				SDKROOT = iphoneos;
				SWIFT_ACTIVE_COMPILATION_CONDITIONS = DEBUG;
				SWIFT_OPTIMIZATION_LEVEL = "-Onone";
			};
			name = Debug;
		};
		A59502002432F45A0004E892 /* Release */ = {
			isa = XCBuildConfiguration;
			buildSettings = {
				ALWAYS_SEARCH_USER_PATHS = NO;
				CLANG_ANALYZER_NONNULL = YES;
				CLANG_ANALYZER_NUMBER_OBJECT_CONVERSION = YES_AGGRESSIVE;
				CLANG_CXX_LANGUAGE_STANDARD = "gnu++14";
				CLANG_CXX_LIBRARY = "libc++";
				CLANG_ENABLE_MODULES = YES;
				CLANG_ENABLE_OBJC_ARC = YES;
				CLANG_ENABLE_OBJC_WEAK = YES;
				CLANG_WARN_BLOCK_CAPTURE_AUTORELEASING = YES;
				CLANG_WARN_BOOL_CONVERSION = YES;
				CLANG_WARN_COMMA = YES;
				CLANG_WARN_CONSTANT_CONVERSION = YES;
				CLANG_WARN_DEPRECATED_OBJC_IMPLEMENTATIONS = YES;
				CLANG_WARN_DIRECT_OBJC_ISA_USAGE = YES_ERROR;
				CLANG_WARN_DOCUMENTATION_COMMENTS = YES;
				CLANG_WARN_EMPTY_BODY = YES;
				CLANG_WARN_ENUM_CONVERSION = YES;
				CLANG_WARN_INFINITE_RECURSION = YES;
				CLANG_WARN_INT_CONVERSION = YES;
				CLANG_WARN_NON_LITERAL_NULL_CONVERSION = YES;
				CLANG_WARN_OBJC_IMPLICIT_RETAIN_SELF = YES;
				CLANG_WARN_OBJC_LITERAL_CONVERSION = YES;
				CLANG_WARN_OBJC_ROOT_CLASS = YES_ERROR;
				CLANG_WARN_RANGE_LOOP_ANALYSIS = YES;
				CLANG_WARN_STRICT_PROTOTYPES = YES;
				CLANG_WARN_SUSPICIOUS_MOVE = YES;
				CLANG_WARN_UNGUARDED_AVAILABILITY = YES_AGGRESSIVE;
				CLANG_WARN_UNREACHABLE_CODE = YES;
				CLANG_WARN__DUPLICATE_METHOD_MATCH = YES;
				COPY_PHASE_STRIP = NO;
				DEBUG_INFORMATION_FORMAT = "dwarf-with-dsym";
				ENABLE_NS_ASSERTIONS = NO;
				ENABLE_STRICT_OBJC_MSGSEND = YES;
				GCC_C_LANGUAGE_STANDARD = gnu11;
				GCC_NO_COMMON_BLOCKS = YES;
				GCC_WARN_64_TO_32_BIT_CONVERSION = YES;
				GCC_WARN_ABOUT_RETURN_TYPE = YES_ERROR;
				GCC_WARN_UNDECLARED_SELECTOR = YES;
				GCC_WARN_UNINITIALIZED_AUTOS = YES_AGGRESSIVE;
				GCC_WARN_UNUSED_FUNCTION = YES;
				GCC_WARN_UNUSED_VARIABLE = YES;
				IPHONEOS_DEPLOYMENT_TARGET = 13.2;
				MTL_ENABLE_DEBUG_INFO = NO;
				MTL_FAST_MATH = YES;
				SDKROOT = iphoneos;
				SWIFT_COMPILATION_MODE = wholemodule;
				SWIFT_OPTIMIZATION_LEVEL = "-O";
				VALIDATE_PRODUCT = YES;
			};
			name = Release;
		};
		A59502022432F45A0004E892 /* Debug */ = {
			isa = XCBuildConfiguration;
			baseConfigurationReference = 1C2D9DCF6EF5E0EF826854FD /* Pods-Alura_Viagens_SwiftUI.debug.xcconfig */;
			buildSettings = {
				ASSETCATALOG_COMPILER_APPICON_NAME = AppIcon;
				CODE_SIGN_STYLE = Automatic;
				DEVELOPMENT_ASSET_PATHS = "\"Alura_Viagens_SwiftUI/Preview Content\"";
				DEVELOPMENT_TEAM = 23LTTKFSYS;
				ENABLE_PREVIEWS = YES;
				INFOPLIST_FILE = Alura_Viagens_SwiftUI/Info.plist;
				LD_RUNPATH_SEARCH_PATHS = (
					"$(inherited)",
					"@executable_path/Frameworks",
				);
				PRODUCT_BUNDLE_IDENTIFIER = "br.com.martins.Alura-Viagens-SwiftUI";
				PRODUCT_NAME = "$(TARGET_NAME)";
				SWIFT_VERSION = 5.0;
				TARGETED_DEVICE_FAMILY = "1,2";
			};
			name = Debug;
		};
		A59502032432F45A0004E892 /* Release */ = {
			isa = XCBuildConfiguration;
			baseConfigurationReference = 64D8175A42BEB6A850326545 /* Pods-Alura_Viagens_SwiftUI.release.xcconfig */;
			buildSettings = {
				ASSETCATALOG_COMPILER_APPICON_NAME = AppIcon;
				CODE_SIGN_STYLE = Automatic;
				DEVELOPMENT_ASSET_PATHS = "\"Alura_Viagens_SwiftUI/Preview Content\"";
				DEVELOPMENT_TEAM = 23LTTKFSYS;
				ENABLE_PREVIEWS = YES;
				INFOPLIST_FILE = Alura_Viagens_SwiftUI/Info.plist;
				LD_RUNPATH_SEARCH_PATHS = (
					"$(inherited)",
					"@executable_path/Frameworks",
				);
				PRODUCT_BUNDLE_IDENTIFIER = "br.com.martins.Alura-Viagens-SwiftUI";
				PRODUCT_NAME = "$(TARGET_NAME)";
				SWIFT_VERSION = 5.0;
				TARGETED_DEVICE_FAMILY = "1,2";
			};
			name = Release;
		};
		A59502052432F45A0004E892 /* Debug */ = {
			isa = XCBuildConfiguration;
			baseConfigurationReference = FF3F33DE4E31D36678CBAA2A /* Pods-Alura_Viagens_SwiftUITests.debug.xcconfig */;
			buildSettings = {
				ALWAYS_EMBED_SWIFT_STANDARD_LIBRARIES = YES;
				BUNDLE_LOADER = "$(TEST_HOST)";
				CODE_SIGN_STYLE = Automatic;
				DEVELOPMENT_TEAM = 23LTTKFSYS;
				INFOPLIST_FILE = Alura_Viagens_SwiftUITests/Info.plist;
				IPHONEOS_DEPLOYMENT_TARGET = 13.2;
				LD_RUNPATH_SEARCH_PATHS = (
					"$(inherited)",
					"@executable_path/Frameworks",
					"@loader_path/Frameworks",
				);
				PRODUCT_BUNDLE_IDENTIFIER = "br.com.martins.Alura-Viagens-SwiftUITests";
				PRODUCT_NAME = "$(TARGET_NAME)";
				SWIFT_VERSION = 5.0;
				TARGETED_DEVICE_FAMILY = "1,2";
				TEST_HOST = "$(BUILT_PRODUCTS_DIR)/Alura_Viagens_SwiftUI.app/Alura_Viagens_SwiftUI";
			};
			name = Debug;
		};
		A59502062432F45A0004E892 /* Release */ = {
			isa = XCBuildConfiguration;
			baseConfigurationReference = 5FEB2A91C946F7FEFEB197B2 /* Pods-Alura_Viagens_SwiftUITests.release.xcconfig */;
			buildSettings = {
				ALWAYS_EMBED_SWIFT_STANDARD_LIBRARIES = YES;
				BUNDLE_LOADER = "$(TEST_HOST)";
				CODE_SIGN_STYLE = Automatic;
				DEVELOPMENT_TEAM = 23LTTKFSYS;
				INFOPLIST_FILE = Alura_Viagens_SwiftUITests/Info.plist;
				IPHONEOS_DEPLOYMENT_TARGET = 13.2;
				LD_RUNPATH_SEARCH_PATHS = (
					"$(inherited)",
					"@executable_path/Frameworks",
					"@loader_path/Frameworks",
				);
				PRODUCT_BUNDLE_IDENTIFIER = "br.com.martins.Alura-Viagens-SwiftUITests";
				PRODUCT_NAME = "$(TARGET_NAME)";
				SWIFT_VERSION = 5.0;
				TARGETED_DEVICE_FAMILY = "1,2";
				TEST_HOST = "$(BUILT_PRODUCTS_DIR)/Alura_Viagens_SwiftUI.app/Alura_Viagens_SwiftUI";
			};
			name = Release;
		};
		A59502082432F45A0004E892 /* Debug */ = {
			isa = XCBuildConfiguration;
			baseConfigurationReference = 83A0435786E39D1A16BB363D /* Pods-Alura_Viagens_SwiftUI-Alura_Viagens_SwiftUIUITests.debug.xcconfig */;
			buildSettings = {
				ALWAYS_EMBED_SWIFT_STANDARD_LIBRARIES = YES;
				CODE_SIGN_STYLE = Automatic;
				DEVELOPMENT_TEAM = 23LTTKFSYS;
				INFOPLIST_FILE = Alura_Viagens_SwiftUIUITests/Info.plist;
				LD_RUNPATH_SEARCH_PATHS = (
					"$(inherited)",
					"@executable_path/Frameworks",
					"@loader_path/Frameworks",
				);
				PRODUCT_BUNDLE_IDENTIFIER = "br.com.martins.Alura-Viagens-SwiftUIUITests";
				PRODUCT_NAME = "$(TARGET_NAME)";
				SWIFT_VERSION = 5.0;
				TARGETED_DEVICE_FAMILY = "1,2";
				TEST_TARGET_NAME = Alura_Viagens_SwiftUI;
			};
			name = Debug;
		};
		A59502092432F45A0004E892 /* Release */ = {
			isa = XCBuildConfiguration;
			baseConfigurationReference = D43171233CEECE8630B7F04F /* Pods-Alura_Viagens_SwiftUI-Alura_Viagens_SwiftUIUITests.release.xcconfig */;
			buildSettings = {
				ALWAYS_EMBED_SWIFT_STANDARD_LIBRARIES = YES;
				CODE_SIGN_STYLE = Automatic;
				DEVELOPMENT_TEAM = 23LTTKFSYS;
				INFOPLIST_FILE = Alura_Viagens_SwiftUIUITests/Info.plist;
				LD_RUNPATH_SEARCH_PATHS = (
					"$(inherited)",
					"@executable_path/Frameworks",
					"@loader_path/Frameworks",
				);
				PRODUCT_BUNDLE_IDENTIFIER = "br.com.martins.Alura-Viagens-SwiftUIUITests";
				PRODUCT_NAME = "$(TARGET_NAME)";
				SWIFT_VERSION = 5.0;
				TARGETED_DEVICE_FAMILY = "1,2";
				TEST_TARGET_NAME = Alura_Viagens_SwiftUI;
			};
			name = Release;
		};
/* End XCBuildConfiguration section */

/* Begin XCConfigurationList section */
		A59501D22432F4590004E892 /* Build configuration list for PBXProject "Alura_Viagens_SwiftUI" */ = {
			isa = XCConfigurationList;
			buildConfigurations = (
				A59501FF2432F45A0004E892 /* Debug */,
				A59502002432F45A0004E892 /* Release */,
			);
			defaultConfigurationIsVisible = 0;
			defaultConfigurationName = Release;
		};
		A59502012432F45A0004E892 /* Build configuration list for PBXNativeTarget "Alura_Viagens_SwiftUI" */ = {
			isa = XCConfigurationList;
			buildConfigurations = (
				A59502022432F45A0004E892 /* Debug */,
				A59502032432F45A0004E892 /* Release */,
			);
			defaultConfigurationIsVisible = 0;
			defaultConfigurationName = Release;
		};
		A59502042432F45A0004E892 /* Build configuration list for PBXNativeTarget "Alura_Viagens_SwiftUITests" */ = {
			isa = XCConfigurationList;
			buildConfigurations = (
				A59502052432F45A0004E892 /* Debug */,
				A59502062432F45A0004E892 /* Release */,
			);
			defaultConfigurationIsVisible = 0;
			defaultConfigurationName = Release;
		};
		A59502072432F45A0004E892 /* Build configuration list for PBXNativeTarget "Alura_Viagens_SwiftUIUITests" */ = {
			isa = XCConfigurationList;
			buildConfigurations = (
				A59502082432F45A0004E892 /* Debug */,
				A59502092432F45A0004E892 /* Release */,
			);
			defaultConfigurationIsVisible = 0;
			defaultConfigurationName = Release;
		};
/* End XCConfigurationList section */
	};
	rootObject = A59501CF2432F4590004E892 /* Project object */;
}
